// !$*UTF8*$!
{
	archiveVersion = 1;
	classes = {
	};
	objectVersion = 77;
	objects = {

/* Begin PBXBuildFile section */
		145C59882EF2541100B07D72 /* OnboardingKit in Frameworks */ = {isa = PBXBuildFile; productRef = 145C59872EF2541100B07D72 /* OnboardingKit */; };
/* End PBXBuildFile section */

/* Begin PBXContainerItemProxy section */
		145C59682EF2523800B07D72 /* PBXContainerItemProxy */ = {
			isa = PBXContainerItemProxy;
			containerPortal = 145C59492EF2523700B07D72 /* Project object */;
			proxyType = 1;
			remoteGlobalIDString = 145C59502EF2523700B07D72;
			remoteInfo = OnboardingExample;
		};
		145C59722EF2523800B07D72 /* PBXContainerItemProxy */ = {
			isa = PBXContainerItemProxy;
			containerPortal = 145C59492EF2523700B07D72 /* Project object */;
			proxyType = 1;
			remoteGlobalIDString = 145C59502EF2523700B07D72;
			remoteInfo = OnboardingExample;
		};
/* End PBXContainerItemProxy section */

/* Begin PBXFileReference section */
		145C59512EF2523700B07D72 /* OnboardingExample.app */ = {isa = PBXFileReference; explicitFileType = wrapper.application; includeInIndex = 0; path = OnboardingExample.app; sourceTree = BUILT_PRODUCTS_DIR; };
		145C59672EF2523800B07D72 /* OnboardingExampleTests.xctest */ = {isa = PBXFileReference; explicitFileType = wrapper.cfbundle; includeInIndex = 0; path = OnboardingExampleTests.xctest; sourceTree = BUILT_PRODUCTS_DIR; };
		145C59712EF2523800B07D72 /* OnboardingExampleUITests.xctest */ = {isa = PBXFileReference; explicitFileType = wrapper.cfbundle; includeInIndex = 0; path = OnboardingExampleUITests.xctest; sourceTree = BUILT_PRODUCTS_DIR; };
/* End PBXFileReference section */

/* Begin PBXFileSystemSynchronizedBuildFileExceptionSet section */
		145C59792EF2523800B07D72 /* Exceptions for "OnboardingExample" folder in "OnboardingExample" target */ = {
			isa = PBXFileSystemSynchronizedBuildFileExceptionSet;
			membershipExceptions = (
				Info.plist,
			);
			target = 145C59502EF2523700B07D72 /* OnboardingExample */;
		};
/* End PBXFileSystemSynchronizedBuildFileExceptionSet section */

/* Begin PBXFileSystemSynchronizedRootGroup section */
		145C59532EF2523700B07D72 /* OnboardingExample */ = {
			isa = PBXFileSystemSynchronizedRootGroup;
			exceptions = (
				145C59792EF2523800B07D72 /* Exceptions for "OnboardingExample" folder in "OnboardingExample" target */,
			);
			path = OnboardingExample;
			sourceTree = "<group>";
		};
		145C596A2EF2523800B07D72 /* OnboardingExampleTests */ = {
			isa = PBXFileSystemSynchronizedRootGroup;
			path = OnboardingExampleTests;
			sourceTree = "<group>";
		};
		145C59742EF2523800B07D72 /* OnboardingExampleUITests */ = {
			isa = PBXFileSystemSynchronizedRootGroup;
			path = OnboardingExampleUITests;
			sourceTree = "<group>";
		};
/* End PBXFileSystemSynchronizedRootGroup section */

/* Begin PBXFrameworksBuildPhase section */
		145C594E2EF2523700B07D72 /* Frameworks */ = {
			isa = PBXFrameworksBuildPhase;
			buildActionMask = 2147483647;
			files = (
				145C59882EF2541100B07D72 /* OnboardingKit in Frameworks */,
			);
			runOnlyForDeploymentPostprocessing = 0;
		};
		145C59642EF2523800B07D72 /* Frameworks */ = {
			isa = PBXFrameworksBuildPhase;
			buildActionMask = 2147483647;
			files = (
			);
			runOnlyForDeploymentPostprocessing = 0;
		};
		145C596E2EF2523800B07D72 /* Frameworks */ = {
			isa = PBXFrameworksBuildPhase;
			buildActionMask = 2147483647;
			files = (
			);
			runOnlyForDeploymentPostprocessing = 0;
		};
/* End PBXFrameworksBuildPhase section */

/* Begin PBXGroup section */
		145C59482EF2523700B07D72 = {
			isa = PBXGroup;
			children = (
				145C59532EF2523700B07D72 /* OnboardingExample */,
				145C596A2EF2523800B07D72 /* OnboardingExampleTests */,
				145C59742EF2523800B07D72 /* OnboardingExampleUITests */,
				145C59862EF2541100B07D72 /* Frameworks */,
				145C59522EF2523700B07D72 /* Products */,
			);
			sourceTree = "<group>";
		};
		145C59522EF2523700B07D72 /* Products */ = {
			isa = PBXGroup;
			children = (
				145C59512EF2523700B07D72 /* OnboardingExample.app */,
				145C59672EF2523800B07D72 /* OnboardingExampleTests.xctest */,
				145C59712EF2523800B07D72 /* OnboardingExampleUITests.xctest */,
			);
			name = Products;
			sourceTree = "<group>";
		};
		145C59862EF2541100B07D72 /* Frameworks */ = {
			isa = PBXGroup;
			children = (
			);
			name = Frameworks;
			sourceTree = "<group>";
		};
/* End PBXGroup section */

/* Begin PBXNativeTarget section */
		145C59502EF2523700B07D72 /* OnboardingExample */ = {
			isa = PBXNativeTarget;
			buildConfigurationList = 145C597A2EF2523800B07D72 /* Build configuration list for PBXNativeTarget "OnboardingExample" */;
			buildPhases = (
				145C594D2EF2523700B07D72 /* Sources */,
				145C594E2EF2523700B07D72 /* Frameworks */,
				145C594F2EF2523700B07D72 /* Resources */,
			);
			buildRules = (
			);
			dependencies = (
			);
			fileSystemSynchronizedGroups = (
				145C59532EF2523700B07D72 /* OnboardingExample */,
			);
			name = OnboardingExample;
			packageProductDependencies = (
				145C59872EF2541100B07D72 /* OnboardingKit */,
			);
			productName = OnboardingExample;
			productReference = 145C59512EF2523700B07D72 /* OnboardingExample.app */;
			productType = "com.apple.product-type.application";
		};
		145C59662EF2523800B07D72 /* OnboardingExampleTests */ = {
			isa = PBXNativeTarget;
			buildConfigurationList = 145C597F2EF2523800B07D72 /* Build configuration list for PBXNativeTarget "OnboardingExampleTests" */;
			buildPhases = (
				145C59632EF2523800B07D72 /* Sources */,
				145C59642EF2523800B07D72 /* Frameworks */,
				145C59652EF2523800B07D72 /* Resources */,
			);
			buildRules = (
			);
			dependencies = (
				145C59692EF2523800B07D72 /* PBXTargetDependency */,
			);
			fileSystemSynchronizedGroups = (
				145C596A2EF2523800B07D72 /* OnboardingExampleTests */,
			);
			name = OnboardingExampleTests;
			packageProductDependencies = (
			);
			productName = OnboardingExampleTests;
			productReference = 145C59672EF2523800B07D72 /* OnboardingExampleTests.xctest */;
			productType = "com.apple.product-type.bundle.unit-test";
		};
		145C59702EF2523800B07D72 /* OnboardingExampleUITests */ = {
			isa = PBXNativeTarget;
			buildConfigurationList = 145C59822EF2523800B07D72 /* Build configuration list for PBXNativeTarget "OnboardingExampleUITests" */;
			buildPhases = (
				145C596D2EF2523800B07D72 /* Sources */,
				145C596E2EF2523800B07D72 /* Frameworks */,
				145C596F2EF2523800B07D72 /* Resources */,
			);
			buildRules = (
			);
			dependencies = (
				145C59732EF2523800B07D72 /* PBXTargetDependency */,
			);
			fileSystemSynchronizedGroups = (
				145C59742EF2523800B07D72 /* OnboardingExampleUITests */,
			);
			name = OnboardingExampleUITests;
			packageProductDependencies = (
			);
			productName = OnboardingExampleUITests;
			productReference = 145C59712EF2523800B07D72 /* OnboardingExampleUITests.xctest */;
			productType = "com.apple.product-type.bundle.ui-testing";
		};
/* End PBXNativeTarget section */

/* Begin PBXProject section */
		145C59492EF2523700B07D72 /* Project object */ = {
			isa = PBXProject;
			attributes = {
				BuildIndependentTargetsInParallel = 1;
				LastSwiftUpdateCheck = 2610;
				LastUpgradeCheck = 2610;
				TargetAttributes = {
					145C59502EF2523700B07D72 = {
						CreatedOnToolsVersion = 26.1.1;
					};
					145C59662EF2523800B07D72 = {
						CreatedOnToolsVersion = 26.1.1;
						TestTargetID = 145C59502EF2523700B07D72;
					};
					145C59702EF2523800B07D72 = {
						CreatedOnToolsVersion = 26.1.1;
						TestTargetID = 145C59502EF2523700B07D72;
					};
				};
			};
			buildConfigurationList = 145C594C2EF2523700B07D72 /* Build configuration list for PBXProject "OnboardingExample" */;
			developmentRegion = en;
			hasScannedForEncodings = 0;
			knownRegions = (
				en,
				Base,
			);
			mainGroup = 145C59482EF2523700B07D72;
			minimizedProjectReferenceProxies = 1;
			packageReferences = (
				145C59852EF2533400B07D72 /* XCLocalSwiftPackageReference "../../../OnboardingKit" */,
			);
			preferredProjectObjectVersion = 77;
			productRefGroup = 145C59522EF2523700B07D72 /* Products */;
			projectDirPath = "";
			projectRoot = "";
			targets = (
				145C59502EF2523700B07D72 /* OnboardingExample */,
				145C59662EF2523800B07D72 /* OnboardingExampleTests */,
				145C59702EF2523800B07D72 /* OnboardingExampleUITests */,
			);
		};
/* End PBXProject section */

/* Begin PBXResourcesBuildPhase section */
		145C594F2EF2523700B07D72 /* Resources */ = {
			isa = PBXResourcesBuildPhase;
			buildActionMask = 2147483647;
			files = (
			);
			runOnlyForDeploymentPostprocessing = 0;
		};
		145C59652EF2523800B07D72 /* Resources */ = {
			isa = PBXResourcesBuildPhase;
			buildActionMask = 2147483647;
			files = (
			);
			runOnlyForDeploymentPostprocessing = 0;
		};
		145C596F2EF2523800B07D72 /* Resources */ = {
			isa = PBXResourcesBuildPhase;
			buildActionMask = 2147483647;
			files = (
			);
			runOnlyForDeploymentPostprocessing = 0;
		};
/* End PBXResourcesBuildPhase section */

/* Begin PBXSourcesBuildPhase section */
		145C594D2EF2523700B07D72 /* Sources */ = {
			isa = PBXSourcesBuildPhase;
			buildActionMask = 2147483647;
			files = (
			);
			runOnlyForDeploymentPostprocessing = 0;
		};
		145C59632EF2523800B07D72 /* Sources */ = {
			isa = PBXSourcesBuildPhase;
			buildActionMask = 2147483647;
			files = (
			);
			runOnlyForDeploymentPostprocessing = 0;
		};
		145C596D2EF2523800B07D72 /* Sources */ = {
			isa = PBXSourcesBuildPhase;
			buildActionMask = 2147483647;
			files = (
			);
			runOnlyForDeploymentPostprocessing = 0;
		};
/* End PBXSourcesBuildPhase section */

/* Begin PBXTargetDependency section */
		145C59692EF2523800B07D72 /* PBXTargetDependency */ = {
			isa = PBXTargetDependency;
			target = 145C59502EF2523700B07D72 /* OnboardingExample */;
			targetProxy = 145C59682EF2523800B07D72 /* PBXContainerItemProxy */;
		};
		145C59732EF2523800B07D72 /* PBXTargetDependency */ = {
			isa = PBXTargetDependency;
			target = 145C59502EF2523700B07D72 /* OnboardingExample */;
			targetProxy = 145C59722EF2523800B07D72 /* PBXContainerItemProxy */;
		};
/* End PBXTargetDependency section */

/* Begin XCBuildConfiguration section */
		145C597B2EF2523800B07D72 /* Debug */ = {
			isa = XCBuildConfiguration;
			buildSettings = {
				ASSETCATALOG_COMPILER_APPICON_NAME = AppIcon;
				ASSETCATALOG_COMPILER_GLOBAL_ACCENT_COLOR_NAME = AccentColor;
				CODE_SIGN_STYLE = Automatic;
				CURRENT_PROJECT_VERSION = 1;
				DEVELOPMENT_TEAM = KTUAP2Z2QF;
				GENERATE_INFOPLIST_FILE = YES;
				INFOPLIST_FILE = OnboardingExample/Info.plist;
				INFOPLIST_KEY_UIApplicationSupportsIndirectInputEvents = YES;
				INFOPLIST_KEY_UILaunchStoryboardName = LaunchScreen;
				INFOPLIST_KEY_UISupportedInterfaceOrientations_iPad = "UIInterfaceOrientationPortrait UIInterfaceOrientationPortraitUpsideDown UIInterfaceOrientationLandscapeLeft UIInterfaceOrientationLandscapeRight";
				INFOPLIST_KEY_UISupportedInterfaceOrientations_iPhone = "UIInterfaceOrientationPortrait UIInterfaceOrientationLandscapeLeft UIInterfaceOrientationLandscapeRight";
				LD_RUNPATH_SEARCH_PATHS = (
					"$(inherited)",
					"@executable_path/Frameworks",
				);
				MARKETING_VERSION = 1.0;
				PRODUCT_BUNDLE_IDENTIFIER = com.njdevelopment.OnboardingExample;
				PRODUCT_NAME = "$(TARGET_NAME)";
				STRING_CATALOG_GENERATE_SYMBOLS = YES;
				SWIFT_APPROACHABLE_CONCURRENCY = YES;
				SWIFT_DEFAULT_ACTOR_ISOLATION = MainActor;
				SWIFT_EMIT_LOC_STRINGS = YES;
				SWIFT_UPCOMING_FEATURE_MEMBER_IMPORT_VISIBILITY = YES;
				SWIFT_VERSION = 5.0;
				TARGETED_DEVICE_FAMILY = "1,2";
			};
			name = Debug;
		};
		145C597C2EF2523800B07D72 /* Release */ = {
			isa = XCBuildConfiguration;
			buildSettings = {
				ASSETCATALOG_COMPILER_APPICON_NAME = AppIcon;
				ASSETCATALOG_COMPILER_GLOBAL_ACCENT_COLOR_NAME = AccentColor;
				CODE_SIGN_STYLE = Automatic;
				CURRENT_PROJECT_VERSION = 1;
				DEVELOPMENT_TEAM = KTUAP2Z2QF;
				GENERATE_INFOPLIST_FILE = YES;
				INFOPLIST_FILE = OnboardingExample/Info.plist;
				INFOPLIST_KEY_UIApplicationSupportsIndirectInputEvents = YES;
				INFOPLIST_KEY_UILaunchStoryboardName = LaunchScreen;
				INFOPLIST_KEY_UISupportedInterfaceOrientations_iPad = "UIInterfaceOrientationPortrait UIInterfaceOrientationPortraitUpsideDown UIInterfaceOrientationLandscapeLeft UIInterfaceOrientationLandscapeRight";
				INFOPLIST_KEY_UISupportedInterfaceOrientations_iPhone = "UIInterfaceOrientationPortrait UIInterfaceOrientationLandscapeLeft UIInterfaceOrientationLandscapeRight";
				LD_RUNPATH_SEARCH_PATHS = (
					"$(inherited)",
					"@executable_path/Frameworks",
				);
				MARKETING_VERSION = 1.0;
				PRODUCT_BUNDLE_IDENTIFIER = com.njdevelopment.OnboardingExample;
				PRODUCT_NAME = "$(TARGET_NAME)";
				STRING_CATALOG_GENERATE_SYMBOLS = YES;
				SWIFT_APPROACHABLE_CONCURRENCY = YES;
				SWIFT_DEFAULT_ACTOR_ISOLATION = MainActor;
				SWIFT_EMIT_LOC_STRINGS = YES;
				SWIFT_UPCOMING_FEATURE_MEMBER_IMPORT_VISIBILITY = YES;
				SWIFT_VERSION = 5.0;
				TARGETED_DEVICE_FAMILY = "1,2";
			};
			name = Release;
		};
		145C597D2EF2523800B07D72 /* Debug */ = {
			isa = XCBuildConfiguration;
			buildSettings = {
				ALWAYS_SEARCH_USER_PATHS = NO;
				ASSETCATALOG_COMPILER_GENERATE_SWIFT_ASSET_SYMBOL_EXTENSIONS = YES;
				CLANG_ANALYZER_NONNULL = YES;
				CLANG_ANALYZER_NUMBER_OBJECT_CONVERSION = YES_AGGRESSIVE;
				CLANG_CXX_LANGUAGE_STANDARD = "gnu++20";
				CLANG_ENABLE_MODULES = YES;
				CLANG_ENABLE_OBJC_ARC = YES;
				CLANG_ENABLE_OBJC_WEAK = YES;
				CLANG_WARN_BLOCK_CAPTURE_AUTORELEASING = YES;
				CLANG_WARN_BOOL_CONVERSION = YES;
				CLANG_WARN_COMMA = YES;
				CLANG_WARN_CONSTANT_CONVERSION = YES;
				CLANG_WARN_DEPRECATED_OBJC_IMPLEMENTATIONS = YES;
				CLANG_WARN_DIRECT_OBJC_ISA_USAGE = YES_ERROR;
				CLANG_WARN_DOCUMENTATION_COMMENTS = YES;
				CLANG_WARN_EMPTY_BODY = YES;
				CLANG_WARN_ENUM_CONVERSION = YES;
				CLANG_WARN_INFINITE_RECURSION = YES;
				CLANG_WARN_INT_CONVERSION = YES;
				CLANG_WARN_NON_LITERAL_NULL_CONVERSION = YES;
				CLANG_WARN_OBJC_IMPLICIT_RETAIN_SELF = YES;
				CLANG_WARN_OBJC_LITERAL_CONVERSION = YES;
				CLANG_WARN_OBJC_ROOT_CLASS = YES_ERROR;
				CLANG_WARN_QUOTED_INCLUDE_IN_FRAMEWORK_HEADER = YES;
				CLANG_WARN_RANGE_LOOP_ANALYSIS = YES;
				CLANG_WARN_STRICT_PROTOTYPES = YES;
				CLANG_WARN_SUSPICIOUS_MOVE = YES;
				CLANG_WARN_UNGUARDED_AVAILABILITY = YES_AGGRESSIVE;
				CLANG_WARN_UNREACHABLE_CODE = YES;
				CLANG_WARN__DUPLICATE_METHOD_MATCH = YES;
				COPY_PHASE_STRIP = NO;
				DEBUG_INFORMATION_FORMAT = dwarf;
				DEVELOPMENT_TEAM = KTUAP2Z2QF;
				ENABLE_STRICT_OBJC_MSGSEND = YES;
				ENABLE_TESTABILITY = YES;
				ENABLE_USER_SCRIPT_SANDBOXING = YES;
				GCC_C_LANGUAGE_STANDARD = gnu17;
				GCC_DYNAMIC_NO_PIC = NO;
				GCC_NO_COMMON_BLOCKS = YES;
				GCC_OPTIMIZATION_LEVEL = 0;
				GCC_PREPROCESSOR_DEFINITIONS = (
					"DEBUG=1",
					"$(inherited)",
				);
				GCC_WARN_64_TO_32_BIT_CONVERSION = YES;
				GCC_WARN_ABOUT_RETURN_TYPE = YES_ERROR;
				GCC_WARN_UNDECLARED_SELECTOR = YES;
				GCC_WARN_UNINITIALIZED_AUTOS = YES_AGGRESSIVE;
				GCC_WARN_UNUSED_FUNCTION = YES;
				GCC_WARN_UNUSED_VARIABLE = YES;
				IPHONEOS_DEPLOYMENT_TARGET = 26.1;
				LOCALIZATION_PREFERS_STRING_CATALOGS = YES;
				MTL_ENABLE_DEBUG_INFO = INCLUDE_SOURCE;
				MTL_FAST_MATH = YES;
				ONLY_ACTIVE_ARCH = YES;
				SDKROOT = iphoneos;
				SWIFT_ACTIVE_COMPILATION_CONDITIONS = "DEBUG $(inherited)";
				SWIFT_OPTIMIZATION_LEVEL = "-Onone";
			};
			name = Debug;
		};
		145C597E2EF2523800B07D72 /* Release */ = {
			isa = XCBuildConfiguration;
			buildSettings = {
				ALWAYS_SEARCH_USER_PATHS = NO;
				ASSETCATALOG_COMPILER_GENERATE_SWIFT_ASSET_SYMBOL_EXTENSIONS = YES;
				CLANG_ANALYZER_NONNULL = YES;
				CLANG_ANALYZER_NUMBER_OBJECT_CONVERSION = YES_AGGRESSIVE;
				CLANG_CXX_LANGUAGE_STANDARD = "gnu++20";
				CLANG_ENABLE_MODULES = YES;
				CLANG_ENABLE_OBJC_ARC = YES;
				CLANG_ENABLE_OBJC_WEAK = YES;
				CLANG_WARN_BLOCK_CAPTURE_AUTORELEASING = YES;
				CLANG_WARN_BOOL_CONVERSION = YES;
				CLANG_WARN_COMMA = YES;
				CLANG_WARN_CONSTANT_CONVERSION = YES;
				CLANG_WARN_DEPRECATED_OBJC_IMPLEMENTATIONS = YES;
				CLANG_WARN_DIRECT_OBJC_ISA_USAGE = YES_ERROR;
				CLANG_WARN_DOCUMENTATION_COMMENTS = YES;
				CLANG_WARN_EMPTY_BODY = YES;
				CLANG_WARN_ENUM_CONVERSION = YES;
				CLANG_WARN_INFINITE_RECURSION = YES;
				CLANG_WARN_INT_CONVERSION = YES;
				CLANG_WARN_NON_LITERAL_NULL_CONVERSION = YES;
				CLANG_WARN_OBJC_IMPLICIT_RETAIN_SELF = YES;
				CLANG_WARN_OBJC_LITERAL_CONVERSION = YES;
				CLANG_WARN_OBJC_ROOT_CLASS = YES_ERROR;
				CLANG_WARN_QUOTED_INCLUDE_IN_FRAMEWORK_HEADER = YES;
				CLANG_WARN_RANGE_LOOP_ANALYSIS = YES;
				CLANG_WARN_STRICT_PROTOTYPES = YES;
				CLANG_WARN_SUSPICIOUS_MOVE = YES;
				CLANG_WARN_UNGUARDED_AVAILABILITY = YES_AGGRESSIVE;
				CLANG_WARN_UNREACHABLE_CODE = YES;
				CLANG_WARN__DUPLICATE_METHOD_MATCH = YES;
				COPY_PHASE_STRIP = NO;
				DEBUG_INFORMATION_FORMAT = "dwarf-with-dsym";
				DEVELOPMENT_TEAM = KTUAP2Z2QF;
				ENABLE_NS_ASSERTIONS = NO;
				ENABLE_STRICT_OBJC_MSGSEND = YES;
				ENABLE_USER_SCRIPT_SANDBOXING = YES;
				GCC_C_LANGUAGE_STANDARD = gnu17;
				GCC_NO_COMMON_BLOCKS = YES;
				GCC_WARN_64_TO_32_BIT_CONVERSION = YES;
				GCC_WARN_ABOUT_RETURN_TYPE = YES_ERROR;
				GCC_WARN_UNDECLARED_SELECTOR = YES;
				GCC_WARN_UNINITIALIZED_AUTOS = YES_AGGRESSIVE;
				GCC_WARN_UNUSED_FUNCTION = YES;
				GCC_WARN_UNUSED_VARIABLE = YES;
				IPHONEOS_DEPLOYMENT_TARGET = 26.1;
				LOCALIZATION_PREFERS_STRING_CATALOGS = YES;
				MTL_ENABLE_DEBUG_INFO = NO;
				MTL_FAST_MATH = YES;
				SDKROOT = iphoneos;
				SWIFT_COMPILATION_MODE = wholemodule;
				VALIDATE_PRODUCT = YES;
			};
			name = Release;
		};
		145C59802EF2523800B07D72 /* Debug */ = {
			isa = XCBuildConfiguration;
			buildSettings = {
				BUNDLE_LOADER = "$(TEST_HOST)";
				CODE_SIGN_STYLE = Automatic;
				CURRENT_PROJECT_VERSION = 1;
				DEVELOPMENT_TEAM = KTUAP2Z2QF;
				GENERATE_INFOPLIST_FILE = YES;
				IPHONEOS_DEPLOYMENT_TARGET = 26.1;
				MARKETING_VERSION = 1.0;
				PRODUCT_BUNDLE_IDENTIFIER = com.njdevelopment.OnboardingExampleTests;
				PRODUCT_NAME = "$(TARGET_NAME)";
				STRING_CATALOG_GENERATE_SYMBOLS = NO;
				SWIFT_APPROACHABLE_CONCURRENCY = YES;
				SWIFT_EMIT_LOC_STRINGS = NO;
				SWIFT_UPCOMING_FEATURE_MEMBER_IMPORT_VISIBILITY = YES;
				SWIFT_VERSION = 5.0;
				TARGETED_DEVICE_FAMILY = "1,2";
				TEST_HOST = "$(BUILT_PRODUCTS_DIR)/OnboardingExample.app/$(BUNDLE_EXECUTABLE_FOLDER_PATH)/OnboardingExample";
			};
			name = Debug;
		};
		145C59812EF2523800B07D72 /* Release */ = {
			isa = XCBuildConfiguration;
			buildSettings = {
				BUNDLE_LOADER = "$(TEST_HOST)";
				CODE_SIGN_STYLE = Automatic;
				CURRENT_PROJECT_VERSION = 1;
				DEVELOPMENT_TEAM = KTUAP2Z2QF;
				GENERATE_INFOPLIST_FILE = YES;
				IPHONEOS_DEPLOYMENT_TARGET = 26.1;
				MARKETING_VERSION = 1.0;
				PRODUCT_BUNDLE_IDENTIFIER = com.njdevelopment.OnboardingExampleTests;
				PRODUCT_NAME = "$(TARGET_NAME)";
				STRING_CATALOG_GENERATE_SYMBOLS = NO;
				SWIFT_APPROACHABLE_CONCURRENCY = YES;
				SWIFT_EMIT_LOC_STRINGS = NO;
				SWIFT_UPCOMING_FEATURE_MEMBER_IMPORT_VISIBILITY = YES;
				SWIFT_VERSION = 5.0;
				TARGETED_DEVICE_FAMILY = "1,2";
				TEST_HOST = "$(BUILT_PRODUCTS_DIR)/OnboardingExample.app/$(BUNDLE_EXECUTABLE_FOLDER_PATH)/OnboardingExample";
			};
			name = Release;
		};
		145C59832EF2523800B07D72 /* Debug */ = {
			isa = XCBuildConfiguration;
			buildSettings = {
				CODE_SIGN_STYLE = Automatic;
				CURRENT_PROJECT_VERSION = 1;
				DEVELOPMENT_TEAM = KTUAP2Z2QF;
				GENERATE_INFOPLIST_FILE = YES;
				MARKETING_VERSION = 1.0;
				PRODUCT_BUNDLE_IDENTIFIER = com.njdevelopment.OnboardingExampleUITests;
				PRODUCT_NAME = "$(TARGET_NAME)";
				STRING_CATALOG_GENERATE_SYMBOLS = NO;
				SWIFT_APPROACHABLE_CONCURRENCY = YES;
				SWIFT_EMIT_LOC_STRINGS = NO;
				SWIFT_UPCOMING_FEATURE_MEMBER_IMPORT_VISIBILITY = YES;
				SWIFT_VERSION = 5.0;
				TARGETED_DEVICE_FAMILY = "1,2";
				TEST_TARGET_NAME = OnboardingExample;
			};
			name = Debug;
		};
		145C59842EF2523800B07D72 /* Release */ = {
			isa = XCBuildConfiguration;
			buildSettings = {
				CODE_SIGN_STYLE = Automatic;
				CURRENT_PROJECT_VERSION = 1;
				DEVELOPMENT_TEAM = KTUAP2Z2QF;
				GENERATE_INFOPLIST_FILE = YES;
				MARKETING_VERSION = 1.0;
				PRODUCT_BUNDLE_IDENTIFIER = com.njdevelopment.OnboardingExampleUITests;
				PRODUCT_NAME = "$(TARGET_NAME)";
				STRING_CATALOG_GENERATE_SYMBOLS = NO;
				SWIFT_APPROACHABLE_CONCURRENCY = YES;
				SWIFT_EMIT_LOC_STRINGS = NO;
				SWIFT_UPCOMING_FEATURE_MEMBER_IMPORT_VISIBILITY = YES;
				SWIFT_VERSION = 5.0;
				TARGETED_DEVICE_FAMILY = "1,2";
				TEST_TARGET_NAME = OnboardingExample;
			};
			name = Release;
		};
/* End XCBuildConfiguration section */

/* Begin XCConfigurationList section */
		145C594C2EF2523700B07D72 /* Build configuration list for PBXProject "OnboardingExample" */ = {
			isa = XCConfigurationList;
			buildConfigurations = (
				145C597D2EF2523800B07D72 /* Debug */,
				145C597E2EF2523800B07D72 /* Release */,
			);
			defaultConfigurationIsVisible = 0;
			defaultConfigurationName = Release;
		};
		145C597A2EF2523800B07D72 /* Build configuration list for PBXNativeTarget "OnboardingExample" */ = {
			isa = XCConfigurationList;
			buildConfigurations = (
				145C597B2EF2523800B07D72 /* Debug */,
				145C597C2EF2523800B07D72 /* Release */,
			);
			defaultConfigurationIsVisible = 0;
			defaultConfigurationName = Release;
		};
		145C597F2EF2523800B07D72 /* Build configuration list for PBXNativeTarget "OnboardingExampleTests" */ = {
			isa = XCConfigurationList;
			buildConfigurations = (
				145C59802EF2523800B07D72 /* Debug */,
				145C59812EF2523800B07D72 /* Release */,
			);
			defaultConfigurationIsVisible = 0;
			defaultConfigurationName = Release;
		};
		145C59822EF2523800B07D72 /* Build configuration list for PBXNativeTarget "OnboardingExampleUITests" */ = {
			isa = XCConfigurationList;
			buildConfigurations = (
				145C59832EF2523800B07D72 /* Debug */,
				145C59842EF2523800B07D72 /* Release */,
			);
			defaultConfigurationIsVisible = 0;
			defaultConfigurationName = Release;
		};
/* End XCConfigurationList section */

/* Begin XCLocalSwiftPackageReference section */
		145C59852EF2533400B07D72 /* XCLocalSwiftPackageReference "../../../OnboardingKit" */ = {
			isa = XCLocalSwiftPackageReference;
			relativePath = ../../../OnboardingKit;
		};
/* End XCLocalSwiftPackageReference section */

/* Begin XCSwiftPackageProductDependency section */
		145C59872EF2541100B07D72 /* OnboardingKit */ = {
			isa = XCSwiftPackageProductDependency;
			package = 145C59852EF2533400B07D72 /* XCLocalSwiftPackageReference "../../../OnboardingKit" */;
			productName = OnboardingKit;
		};
/* End XCSwiftPackageProductDependency section */
	};
	rootObject = 145C59492EF2523700B07D72 /* Project object */;
}
